
Microsoft Visual Studio Solution File, Format Version 12.00
# Visual Studio Version 17
VisualStudioVersion = 17.2.32616.157
MinimumVisualStudioVersion = 10.0.40219.1
Project("{9A19103F-16F7-4668-BE54-9A1E7A4F7556}") = "StudentApplication", "StudentApplication\StudentApplication.csproj", "{4DE56D24-0A10-4D74-9972-4117BABCA416}"
EndProject
Project("{9A19103F-16F7-4668-BE54-9A1E7A4F7556}") = "HelpingLibrary", "HelpingLibrary\HelpingLibrary.csproj", "{9358A821-E14E-4F24-A33D-39B9CD99098D}"
EndProject
Global
	GlobalSection(SolutionConfigurationPlatforms) = preSolution
		Debug|Any CPU = Debug|Any CPU
		Release|Any CPU = Release|Any CPU
	EndGlobalSection
	GlobalSection(ProjectConfigurationPlatforms) = postSolution
		{4DE56D24-0A10-4D74-9972-4117BABCA416}.Debug|Any CPU.ActiveCfg = Debug|Any CPU
		{4DE56D24-0A10-4D74-9972-4117BABCA416}.Debug|Any CPU.Build.0 = Debug|Any CPU
		{4DE56D24-0A10-4D74-9972-4117BABCA416}.Release|Any CPU.ActiveCfg = Release|Any CPU
		{4DE56D24-0A10-4D74-9972-4117BABCA416}.Release|Any CPU.Build.0 = Release|Any CPU
		{9358A821-E14E-4F24-A33D-39B9CD99098D}.Debug|Any CPU.ActiveCfg = Debug|Any CPU
		{9358A821-E14E-4F24-A33D-39B9CD99098D}.Debug|Any CPU.Build.0 = Debug|Any CPU
		{9358A821-E14E-4F24-A33D-39B9CD99098D}.Release|Any CPU.ActiveCfg = Release|Any CPU
		{9358A821-E14E-4F24-A33D-39B9CD99098D}.Release|Any CPU.Build.0 = Release|Any CPU
	EndGlobalSection
	GlobalSection(SolutionProperties) = preSolution
		HideSolutionNode = FALSE
	EndGlobalSection
	GlobalSection(ExtensibilityGlobals) = postSolution
		SolutionGuid = {296EE7B6-4DF7-4350-828D-0910913F8C46}
	EndGlobalSection
EndGlobal
